
Microsoft Visual Studio Solution File, Format Version 12.00
# Visual Studio Version 16
VisualStudioVersion = 16.0.33130.400
MinimumVisualStudioVersion = 10.0.40219.1
Project("{FAE04EC0-301F-11D3-BF4B-00C04F79EFBC}") = "Question3", "Question3\Question3.csproj", "{A850B8E2-E0D7-49AA-B95D-B69C9F309571}"
EndProject
Global
	GlobalSection(SolutionConfigurationPlatforms) = preSolution
		Debug|Any CPU = Debug|Any CPU
		Release|Any CPU = Release|Any CPU
	EndGlobalSection
	GlobalSection(ProjectConfigurationPlatforms) = postSolution
		{A850B8E2-E0D7-49AA-B95D-B69C9F309571}.Debug|Any CPU.ActiveCfg = Debug|Any CPU
		{A850B8E2-E0D7-49AA-B95D-B69C9F309571}.Debug|Any CPU.Build.0 = Debug|Any CPU
		{A850B8E2-E0D7-49AA-B95D-B69C9F309571}.Release|Any CPU.ActiveCfg = Release|Any CPU
		{A850B8E2-E0D7-49AA-B95D-B69C9F309571}.Release|Any CPU.Build.0 = Release|Any CPU
	EndGlobalSection
	GlobalSection(SolutionProperties) = preSolution
		HideSolutionNode = FALSE
	EndGlobalSection
	GlobalSection(ExtensibilityGlobals) = postSolution
		SolutionGuid = {D0112DD1-CD9E-451C-8B36-40393648056C}
	EndGlobalSection
EndGlobal
