
Microsoft Visual Studio Solution File, Format Version 12.00
# Visual Studio Version 16
VisualStudioVersion = 16.0.33130.400
MinimumVisualStudioVersion = 10.0.40219.1
Project("{FAE04EC0-301F-11D3-BF4B-00C04F79EFBC}") = "Assignment3Q2", "Assignment3Q2\Assignment3Q2.csproj", "{F24E32CD-648E-445B-BC3E-A2C30454B633}"
EndProject
Global
	GlobalSection(SolutionConfigurationPlatforms) = preSolution
		Debug|Any CPU = Debug|Any CPU
		Release|Any CPU = Release|Any CPU
	EndGlobalSection
	GlobalSection(ProjectConfigurationPlatforms) = postSolution
		{F24E32CD-648E-445B-BC3E-A2C30454B633}.Debug|Any CPU.ActiveCfg = Debug|Any CPU
		{F24E32CD-648E-445B-BC3E-A2C30454B633}.Debug|Any CPU.Build.0 = Debug|Any CPU
		{F24E32CD-648E-445B-BC3E-A2C30454B633}.Release|Any CPU.ActiveCfg = Release|Any CPU
		{F24E32CD-648E-445B-BC3E-A2C30454B633}.Release|Any CPU.Build.0 = Release|Any CPU
	EndGlobalSection
	GlobalSection(SolutionProperties) = preSolution
		HideSolutionNode = FALSE
	EndGlobalSection
	GlobalSection(ExtensibilityGlobals) = postSolution
		SolutionGuid = {B09A54A4-76BB-4A95-9AEB-58315120D920}
	EndGlobalSection
EndGlobal
